
Microsoft Visual Studio Solution File, Format Version 12.00
# Visual Studio Version 17
VisualStudioVersion = 17.11.35222.181
MinimumVisualStudioVersion = 10.0.40219.1
Project("{FAE04EC0-301F-11D3-BF4B-00C04F79EFBC}") = "BookShoppingMvc", "BookShoppingMvc\BookShoppingMvc.csproj", "{7991D7A5-0557-4E82-9657-C22E91452B95}"
EndProject
Global
	GlobalSection(SolutionConfigurationPlatforms) = preSolution
		Debug|Any CPU = Debug|Any CPU
		Release|Any CPU = Release|Any CPU
	EndGlobalSection
	GlobalSection(ProjectConfigurationPlatforms) = postSolution
		{7991D7A5-0557-4E82-9657-C22E91452B95}.Debug|Any CPU.ActiveCfg = Debug|Any CPU
		{7991D7A5-0557-4E82-9657-C22E91452B95}.Debug|Any CPU.Build.0 = Debug|Any CPU
		{7991D7A5-0557-4E82-9657-C22E91452B95}.Release|Any CPU.ActiveCfg = Release|Any CPU
		{7991D7A5-0557-4E82-9657-C22E91452B95}.Release|Any CPU.Build.0 = Release|Any CPU
	EndGlobalSection
	GlobalSection(SolutionProperties) = preSolution
		HideSolutionNode = FALSE
	EndGlobalSection
	GlobalSection(ExtensibilityGlobals) = postSolution
		SolutionGuid = {BE7932CF-F227-4D3B-92C8-CEBC8543910D}
	EndGlobalSection
EndGlobal
